// !$*UTF8*$!
{
	archiveVersion = 1;
	classes = {
	};
	objectVersion = 50;
	objects = {

/* Begin PBXBuildFile section */
		8D05221F26A8131A00BEB72C /* AppDelegate.swift in Sources */ = {isa = PBXBuildFile; fileRef = 8D05221E26A8131A00BEB72C /* AppDelegate.swift */; };
		8D05222126A8131A00BEB72C /* SceneDelegate.swift in Sources */ = {isa = PBXBuildFile; fileRef = 8D05222026A8131A00BEB72C /* SceneDelegate.swift */; };
		8D05222326A8131A00BEB72C /* ContentView.swift in Sources */ = {isa = PBXBuildFile; fileRef = 8D05222226A8131A00BEB72C /* ContentView.swift */; };
		8D05222626A8131A00BEB72C /* CySwiftUIForm.xcdatamodeld in Sources */ = {isa = PBXBuildFile; fileRef = 8D05222426A8131A00BEB72C /* CySwiftUIForm.xcdatamodeld */; };
		8D05222826A8131B00BEB72C /* Assets.xcassets in Resources */ = {isa = PBXBuildFile; fileRef = 8D05222726A8131B00BEB72C /* Assets.xcassets */; };
		8D05222B26A8131B00BEB72C /* Preview Assets.xcassets in Resources */ = {isa = PBXBuildFile; fileRef = 8D05222A26A8131B00BEB72C /* Preview Assets.xcassets */; };
		8D05222E26A8131B00BEB72C /* LaunchScreen.storyboard in Resources */ = {isa = PBXBuildFile; fileRef = 8D05222C26A8131B00BEB72C /* LaunchScreen.storyboard */; };
		8D05223926A8131C00BEB72C /* CySwiftUIFormTests.swift in Sources */ = {isa = PBXBuildFile; fileRef = 8D05223826A8131C00BEB72C /* CySwiftUIFormTests.swift */; };
		8D05224426A8131C00BEB72C /* CySwiftUIFormUITests.swift in Sources */ = {isa = PBXBuildFile; fileRef = 8D05224326A8131C00BEB72C /* CySwiftUIFormUITests.swift */; };
		8D05225626A971AB00BEB72C /* forms.json in Resources */ = {isa = PBXBuildFile; fileRef = 8D05225526A971AB00BEB72C /* forms.json */; };
		8D05225C26AAC20000BEB72C /* ModelForms.swift in Sources */ = {isa = PBXBuildFile; fileRef = 8D05225A26AAC20000BEB72C /* ModelForms.swift */; };
		8D05225D26AAC20000BEB72C /* UtilsData.swift in Sources */ = {isa = PBXBuildFile; fileRef = 8D05225B26AAC20000BEB72C /* UtilsData.swift */; };
		8D05226A26ADB80C00BEB72C /* ModelFormInput.swift in Sources */ = {isa = PBXBuildFile; fileRef = 8D05226926ADB80B00BEB72C /* ModelFormInput.swift */; };
		8DC9C33B26BBBE4800BFB499 /* ViewForm.swift in Sources */ = {isa = PBXBuildFile; fileRef = 8DC9C33A26BBBE4800BFB499 /* ViewForm.swift */; };
		A805C43F2B57C2CB00BD0B89 /* Localizable.xcstrings in Resources */ = {isa = PBXBuildFile; fileRef = A805C43E2B57C2CB00BD0B89 /* Localizable.xcstrings */; };
/* End PBXBuildFile section */

/* Begin PBXContainerItemProxy section */
		8D05223526A8131C00BEB72C /* PBXContainerItemProxy */ = {
			isa = PBXContainerItemProxy;
			containerPortal = 8D05221326A8131A00BEB72C /* Project object */;
			proxyType = 1;
			remoteGlobalIDString = 8D05221A26A8131A00BEB72C;
			remoteInfo = CySwiftUIForm;
		};
		8D05224026A8131C00BEB72C /* PBXContainerItemProxy */ = {
			isa = PBXContainerItemProxy;
			containerPortal = 8D05221326A8131A00BEB72C /* Project object */;
			proxyType = 1;
			remoteGlobalIDString = 8D05221A26A8131A00BEB72C;
			remoteInfo = CySwiftUIForm;
		};
/* End PBXContainerItemProxy section */

/* Begin PBXFileReference section */
		8D05221B26A8131A00BEB72C /* CySwiftUIForm.app */ = {isa = PBXFileReference; explicitFileType = wrapper.application; includeInIndex = 0; path = CySwiftUIForm.app; sourceTree = BUILT_PRODUCTS_DIR; };
		8D05221E26A8131A00BEB72C /* AppDelegate.swift */ = {isa = PBXFileReference; lastKnownFileType = sourcecode.swift; path = AppDelegate.swift; sourceTree = "<group>"; };
		8D05222026A8131A00BEB72C /* SceneDelegate.swift */ = {isa = PBXFileReference; lastKnownFileType = sourcecode.swift; path = SceneDelegate.swift; sourceTree = "<group>"; };
		8D05222226A8131A00BEB72C /* ContentView.swift */ = {isa = PBXFileReference; lastKnownFileType = sourcecode.swift; path = ContentView.swift; sourceTree = "<group>"; };
		8D05222526A8131A00BEB72C /* CySwiftUIForm.xcdatamodel */ = {isa = PBXFileReference; lastKnownFileType = wrapper.xcdatamodel; path = CySwiftUIForm.xcdatamodel; sourceTree = "<group>"; };
		8D05222726A8131B00BEB72C /* Assets.xcassets */ = {isa = PBXFileReference; lastKnownFileType = folder.assetcatalog; path = Assets.xcassets; sourceTree = "<group>"; };
		8D05222A26A8131B00BEB72C /* Preview Assets.xcassets */ = {isa = PBXFileReference; lastKnownFileType = folder.assetcatalog; path = "Preview Assets.xcassets"; sourceTree = "<group>"; };
		8D05222D26A8131B00BEB72C /* Base */ = {isa = PBXFileReference; lastKnownFileType = file.storyboard; name = Base; path = Base.lproj/LaunchScreen.storyboard; sourceTree = "<group>"; };
		8D05222F26A8131B00BEB72C /* Info.plist */ = {isa = PBXFileReference; lastKnownFileType = text.plist.xml; path = Info.plist; sourceTree = "<group>"; };
		8D05223426A8131C00BEB72C /* CySwiftUIFormTests.xctest */ = {isa = PBXFileReference; explicitFileType = wrapper.cfbundle; includeInIndex = 0; path = CySwiftUIFormTests.xctest; sourceTree = BUILT_PRODUCTS_DIR; };
		8D05223826A8131C00BEB72C /* CySwiftUIFormTests.swift */ = {isa = PBXFileReference; lastKnownFileType = sourcecode.swift; path = CySwiftUIFormTests.swift; sourceTree = "<group>"; };
		8D05223A26A8131C00BEB72C /* Info.plist */ = {isa = PBXFileReference; lastKnownFileType = text.plist.xml; path = Info.plist; sourceTree = "<group>"; };
		8D05223F26A8131C00BEB72C /* CySwiftUIFormUITests.xctest */ = {isa = PBXFileReference; explicitFileType = wrapper.cfbundle; includeInIndex = 0; path = CySwiftUIFormUITests.xctest; sourceTree = BUILT_PRODUCTS_DIR; };
		8D05224326A8131C00BEB72C /* CySwiftUIFormUITests.swift */ = {isa = PBXFileReference; lastKnownFileType = sourcecode.swift; path = CySwiftUIFormUITests.swift; sourceTree = "<group>"; };
		8D05224526A8131C00BEB72C /* Info.plist */ = {isa = PBXFileReference; lastKnownFileType = text.plist.xml; path = Info.plist; sourceTree = "<group>"; };
		8D05225526A971AB00BEB72C /* forms.json */ = {isa = PBXFileReference; fileEncoding = 4; lastKnownFileType = text.json; path = forms.json; sourceTree = "<group>"; };
		8D05225A26AAC20000BEB72C /* ModelForms.swift */ = {isa = PBXFileReference; fileEncoding = 4; lastKnownFileType = sourcecode.swift; path = ModelForms.swift; sourceTree = "<group>"; };
		8D05225B26AAC20000BEB72C /* UtilsData.swift */ = {isa = PBXFileReference; fileEncoding = 4; lastKnownFileType = sourcecode.swift; path = UtilsData.swift; sourceTree = "<group>"; };
		8D05226926ADB80B00BEB72C /* ModelFormInput.swift */ = {isa = PBXFileReference; lastKnownFileType = sourcecode.swift; path = ModelFormInput.swift; sourceTree = "<group>"; };
		8DC9C33A26BBBE4800BFB499 /* ViewForm.swift */ = {isa = PBXFileReference; fileEncoding = 4; lastKnownFileType = sourcecode.swift; path = ViewForm.swift; sourceTree = "<group>"; };
		A805C43E2B57C2CB00BD0B89 /* Localizable.xcstrings */ = {isa = PBXFileReference; lastKnownFileType = text.json.xcstrings; path = Localizable.xcstrings; sourceTree = "<group>"; };
/* End PBXFileReference section */

/* Begin PBXFrameworksBuildPhase section */
		8D05221826A8131A00BEB72C /* Frameworks */ = {
			isa = PBXFrameworksBuildPhase;
			buildActionMask = 2147483647;
			files = (
			);
			runOnlyForDeploymentPostprocessing = 0;
		};
		8D05223126A8131C00BEB72C /* Frameworks */ = {
			isa = PBXFrameworksBuildPhase;
			buildActionMask = 2147483647;
			files = (
			);
			runOnlyForDeploymentPostprocessing = 0;
		};
		8D05223C26A8131C00BEB72C /* Frameworks */ = {
			isa = PBXFrameworksBuildPhase;
			buildActionMask = 2147483647;
			files = (
			);
			runOnlyForDeploymentPostprocessing = 0;
		};
/* End PBXFrameworksBuildPhase section */

/* Begin PBXGroup section */
		8D05221226A8131A00BEB72C = {
			isa = PBXGroup;
			children = (
				A805C43E2B57C2CB00BD0B89 /* Localizable.xcstrings */,
				8D05221D26A8131A00BEB72C /* CySwiftUIForm */,
				8D05223726A8131C00BEB72C /* CySwiftUIFormTests */,
				8D05224226A8131C00BEB72C /* CySwiftUIFormUITests */,
				8D05221C26A8131A00BEB72C /* Products */,
			);
			sourceTree = "<group>";
		};
		8D05221C26A8131A00BEB72C /* Products */ = {
			isa = PBXGroup;
			children = (
				8D05221B26A8131A00BEB72C /* CySwiftUIForm.app */,
				8D05223426A8131C00BEB72C /* CySwiftUIFormTests.xctest */,
				8D05223F26A8131C00BEB72C /* CySwiftUIFormUITests.xctest */,
			);
			name = Products;
			sourceTree = "<group>";
		};
		8D05221D26A8131A00BEB72C /* CySwiftUIForm */ = {
			isa = PBXGroup;
			children = (
				8DC9C33A26BBBE4800BFB499 /* ViewForm.swift */,
				8D05225A26AAC20000BEB72C /* ModelForms.swift */,
				8D05225B26AAC20000BEB72C /* UtilsData.swift */,
				8D05225526A971AB00BEB72C /* forms.json */,
				8D05221E26A8131A00BEB72C /* AppDelegate.swift */,
				8D05222026A8131A00BEB72C /* SceneDelegate.swift */,
				8D05222226A8131A00BEB72C /* ContentView.swift */,
				8D05222C26A8131B00BEB72C /* LaunchScreen.storyboard */,
				8D05222F26A8131B00BEB72C /* Info.plist */,
				8D05222726A8131B00BEB72C /* Assets.xcassets */,
				8D05222426A8131A00BEB72C /* CySwiftUIForm.xcdatamodeld */,
				8D05222926A8131B00BEB72C /* Preview Content */,
				8D05226926ADB80B00BEB72C /* ModelFormInput.swift */,
			);
			path = CySwiftUIForm;
			sourceTree = "<group>";
		};
		8D05222926A8131B00BEB72C /* Preview Content */ = {
			isa = PBXGroup;
			children = (
				8D05222A26A8131B00BEB72C /* Preview Assets.xcassets */,
			);
			path = "Preview Content";
			sourceTree = "<group>";
		};
		8D05223726A8131C00BEB72C /* CySwiftUIFormTests */ = {
			isa = PBXGroup;
			children = (
				8D05223826A8131C00BEB72C /* CySwiftUIFormTests.swift */,
				8D05223A26A8131C00BEB72C /* Info.plist */,
			);
			path = CySwiftUIFormTests;
			sourceTree = "<group>";
		};
		8D05224226A8131C00BEB72C /* CySwiftUIFormUITests */ = {
			isa = PBXGroup;
			children = (
				8D05224326A8131C00BEB72C /* CySwiftUIFormUITests.swift */,
				8D05224526A8131C00BEB72C /* Info.plist */,
			);
			path = CySwiftUIFormUITests;
			sourceTree = "<group>";
		};
/* End PBXGroup section */

/* Begin PBXNativeTarget section */
		8D05221A26A8131A00BEB72C /* CySwiftUIForm */ = {
			isa = PBXNativeTarget;
			buildConfigurationList = 8D05224826A8131C00BEB72C /* Build configuration list for PBXNativeTarget "CySwiftUIForm" */;
			buildPhases = (
				8D05221726A8131A00BEB72C /* Sources */,
				8D05221826A8131A00BEB72C /* Frameworks */,
				8D05221926A8131A00BEB72C /* Resources */,
			);
			buildRules = (
			);
			dependencies = (
			);
			name = CySwiftUIForm;
			productName = CySwiftUIForm;
			productReference = 8D05221B26A8131A00BEB72C /* CySwiftUIForm.app */;
			productType = "com.apple.product-type.application";
		};
		8D05223326A8131C00BEB72C /* CySwiftUIFormTests */ = {
			isa = PBXNativeTarget;
			buildConfigurationList = 8D05224B26A8131C00BEB72C /* Build configuration list for PBXNativeTarget "CySwiftUIFormTests" */;
			buildPhases = (
				8D05223026A8131C00BEB72C /* Sources */,
				8D05223126A8131C00BEB72C /* Frameworks */,
				8D05223226A8131C00BEB72C /* Resources */,
			);
			buildRules = (
			);
			dependencies = (
				8D05223626A8131C00BEB72C /* PBXTargetDependency */,
			);
			name = CySwiftUIFormTests;
			productName = CySwiftUIFormTests;
			productReference = 8D05223426A8131C00BEB72C /* CySwiftUIFormTests.xctest */;
			productType = "com.apple.product-type.bundle.unit-test";
		};
		8D05223E26A8131C00BEB72C /* CySwiftUIFormUITests */ = {
			isa = PBXNativeTarget;
			buildConfigurationList = 8D05224E26A8131C00BEB72C /* Build configuration list for PBXNativeTarget "CySwiftUIFormUITests" */;
			buildPhases = (
				8D05223B26A8131C00BEB72C /* Sources */,
				8D05223C26A8131C00BEB72C /* Frameworks */,
				8D05223D26A8131C00BEB72C /* Resources */,
			);
			buildRules = (
			);
			dependencies = (
				8D05224126A8131C00BEB72C /* PBXTargetDependency */,
			);
			name = CySwiftUIFormUITests;
			productName = CySwiftUIFormUITests;
			productReference = 8D05223F26A8131C00BEB72C /* CySwiftUIFormUITests.xctest */;
			productType = "com.apple.product-type.bundle.ui-testing";
		};
/* End PBXNativeTarget section */

/* Begin PBXProject section */
		8D05221326A8131A00BEB72C /* Project object */ = {
			isa = PBXProject;
			attributes = {
				LastSwiftUpdateCheck = 1220;
				LastUpgradeCheck = 1220;
				TargetAttributes = {
					8D05221A26A8131A00BEB72C = {
						CreatedOnToolsVersion = 12.2;
					};
					8D05223326A8131C00BEB72C = {
						CreatedOnToolsVersion = 12.2;
						TestTargetID = 8D05221A26A8131A00BEB72C;
					};
					8D05223E26A8131C00BEB72C = {
						CreatedOnToolsVersion = 12.2;
						TestTargetID = 8D05221A26A8131A00BEB72C;
					};
				};
			};
			buildConfigurationList = 8D05221626A8131A00BEB72C /* Build configuration list for PBXProject "CySwiftUIForm" */;
			compatibilityVersion = "Xcode 9.3";
			developmentRegion = en;
			hasScannedForEncodings = 0;
			knownRegions = (
				en,
				Base,
				"zh-Hans",
			);
			mainGroup = 8D05221226A8131A00BEB72C;
			productRefGroup = 8D05221C26A8131A00BEB72C /* Products */;
			projectDirPath = "";
			projectRoot = "";
			targets = (
				8D05221A26A8131A00BEB72C /* CySwiftUIForm */,
				8D05223326A8131C00BEB72C /* CySwiftUIFormTests */,
				8D05223E26A8131C00BEB72C /* CySwiftUIFormUITests */,
			);
		};
/* End PBXProject section */

/* Begin PBXResourcesBuildPhase section */
		8D05221926A8131A00BEB72C /* Resources */ = {
			isa = PBXResourcesBuildPhase;
			buildActionMask = 2147483647;
			files = (
				8D05222E26A8131B00BEB72C /* LaunchScreen.storyboard in Resources */,
				A805C43F2B57C2CB00BD0B89 /* Localizable.xcstrings in Resources */,
				8D05225626A971AB00BEB72C /* forms.json in Resources */,
				8D05222B26A8131B00BEB72C /* Preview Assets.xcassets in Resources */,
				8D05222826A8131B00BEB72C /* Assets.xcassets in Resources */,
			);
			runOnlyForDeploymentPostprocessing = 0;
		};
		8D05223226A8131C00BEB72C /* Resources */ = {
			isa = PBXResourcesBuildPhase;
			buildActionMask = 2147483647;
			files = (
			);
			runOnlyForDeploymentPostprocessing = 0;
		};
		8D05223D26A8131C00BEB72C /* Resources */ = {
			isa = PBXResourcesBuildPhase;
			buildActionMask = 2147483647;
			files = (
			);
			runOnlyForDeploymentPostprocessing = 0;
		};
/* End PBXResourcesBuildPhase section */

/* Begin PBXSourcesBuildPhase section */
		8D05221726A8131A00BEB72C /* Sources */ = {
			isa = PBXSourcesBuildPhase;
			buildActionMask = 2147483647;
			files = (
				8DC9C33B26BBBE4800BFB499 /* ViewForm.swift in Sources */,
				8D05221F26A8131A00BEB72C /* AppDelegate.swift in Sources */,
				8D05225C26AAC20000BEB72C /* ModelForms.swift in Sources */,
				8D05226A26ADB80C00BEB72C /* ModelFormInput.swift in Sources */,
				8D05222626A8131A00BEB72C /* CySwiftUIForm.xcdatamodeld in Sources */,
				8D05222126A8131A00BEB72C /* SceneDelegate.swift in Sources */,
				8D05222326A8131A00BEB72C /* ContentView.swift in Sources */,
				8D05225D26AAC20000BEB72C /* UtilsData.swift in Sources */,
			);
			runOnlyForDeploymentPostprocessing = 0;
		};
		8D05223026A8131C00BEB72C /* Sources */ = {
			isa = PBXSourcesBuildPhase;
			buildActionMask = 2147483647;
			files = (
				8D05223926A8131C00BEB72C /* CySwiftUIFormTests.swift in Sources */,
			);
			runOnlyForDeploymentPostprocessing = 0;
		};
		8D05223B26A8131C00BEB72C /* Sources */ = {
			isa = PBXSourcesBuildPhase;
			buildActionMask = 2147483647;
			files = (
				8D05224426A8131C00BEB72C /* CySwiftUIFormUITests.swift in Sources */,
			);
			runOnlyForDeploymentPostprocessing = 0;
		};
/* End PBXSourcesBuildPhase section */

/* Begin PBXTargetDependency section */
		8D05223626A8131C00BEB72C /* PBXTargetDependency */ = {
			isa = PBXTargetDependency;
			target = 8D05221A26A8131A00BEB72C /* CySwiftUIForm */;
			targetProxy = 8D05223526A8131C00BEB72C /* PBXContainerItemProxy */;
		};
		8D05224126A8131C00BEB72C /* PBXTargetDependency */ = {
			isa = PBXTargetDependency;
			target = 8D05221A26A8131A00BEB72C /* CySwiftUIForm */;
			targetProxy = 8D05224026A8131C00BEB72C /* PBXContainerItemProxy */;
		};
/* End PBXTargetDependency section */

/* Begin PBXVariantGroup section */
		8D05222C26A8131B00BEB72C /* LaunchScreen.storyboard */ = {
			isa = PBXVariantGroup;
			children = (
				8D05222D26A8131B00BEB72C /* Base */,
			);
			name = LaunchScreen.storyboard;
			sourceTree = "<group>";
		};
/* End PBXVariantGroup section */

/* Begin XCBuildConfiguration section */
		8D05224626A8131C00BEB72C /* Debug */ = {
			isa = XCBuildConfiguration;
			buildSettings = {
				ALWAYS_SEARCH_USER_PATHS = NO;
				CLANG_ANALYZER_NONNULL = YES;
				CLANG_ANALYZER_NUMBER_OBJECT_CONVERSION = YES_AGGRESSIVE;
				CLANG_CXX_LANGUAGE_STANDARD = "gnu++14";
				CLANG_CXX_LIBRARY = "libc++";
				CLANG_ENABLE_MODULES = YES;
				CLANG_ENABLE_OBJC_ARC = YES;
				CLANG_ENABLE_OBJC_WEAK = YES;
				CLANG_WARN_BLOCK_CAPTURE_AUTORELEASING = YES;
				CLANG_WARN_BOOL_CONVERSION = YES;
				CLANG_WARN_COMMA = YES;
				CLANG_WARN_CONSTANT_CONVERSION = YES;
				CLANG_WARN_DEPRECATED_OBJC_IMPLEMENTATIONS = YES;
				CLANG_WARN_DIRECT_OBJC_ISA_USAGE = YES_ERROR;
				CLANG_WARN_DOCUMENTATION_COMMENTS = YES;
				CLANG_WARN_EMPTY_BODY = YES;
				CLANG_WARN_ENUM_CONVERSION = YES;
				CLANG_WARN_INFINITE_RECURSION = YES;
				CLANG_WARN_INT_CONVERSION = YES;
				CLANG_WARN_NON_LITERAL_NULL_CONVERSION = YES;
				CLANG_WARN_OBJC_IMPLICIT_RETAIN_SELF = YES;
				CLANG_WARN_OBJC_LITERAL_CONVERSION = YES;
				CLANG_WARN_OBJC_ROOT_CLASS = YES_ERROR;
				CLANG_WARN_QUOTED_INCLUDE_IN_FRAMEWORK_HEADER = YES;
				CLANG_WARN_RANGE_LOOP_ANALYSIS = YES;
				CLANG_WARN_STRICT_PROTOTYPES = YES;
				CLANG_WARN_SUSPICIOUS_MOVE = YES;
				CLANG_WARN_UNGUARDED_AVAILABILITY = YES_AGGRESSIVE;
				CLANG_WARN_UNREACHABLE_CODE = YES;
				CLANG_WARN__DUPLICATE_METHOD_MATCH = YES;
				COPY_PHASE_STRIP = NO;
				DEBUG_INFORMATION_FORMAT = dwarf;
				ENABLE_STRICT_OBJC_MSGSEND = YES;
				ENABLE_TESTABILITY = YES;
				GCC_C_LANGUAGE_STANDARD = gnu11;
				GCC_DYNAMIC_NO_PIC = NO;
				GCC_NO_COMMON_BLOCKS = YES;
				GCC_OPTIMIZATION_LEVEL = 0;
				GCC_PREPROCESSOR_DEFINITIONS = (
					"DEBUG=1",
					"$(inherited)",
				);
				GCC_WARN_64_TO_32_BIT_CONVERSION = YES;
				GCC_WARN_ABOUT_RETURN_TYPE = YES_ERROR;
				GCC_WARN_UNDECLARED_SELECTOR = YES;
				GCC_WARN_UNINITIALIZED_AUTOS = YES_AGGRESSIVE;
				GCC_WARN_UNUSED_FUNCTION = YES;
				GCC_WARN_UNUSED_VARIABLE = YES;
				IPHONEOS_DEPLOYMENT_TARGET = 14.2;
				MTL_ENABLE_DEBUG_INFO = INCLUDE_SOURCE;
				MTL_FAST_MATH = YES;
				ONLY_ACTIVE_ARCH = YES;
				SDKROOT = iphoneos;
				SWIFT_ACTIVE_COMPILATION_CONDITIONS = DEBUG;
				SWIFT_OPTIMIZATION_LEVEL = "-Onone";
			};
			name = Debug;
		};
		8D05224726A8131C00BEB72C /* Release */ = {
			isa = XCBuildConfiguration;
			buildSettings = {
				ALWAYS_SEARCH_USER_PATHS = NO;
				CLANG_ANALYZER_NONNULL = YES;
				CLANG_ANALYZER_NUMBER_OBJECT_CONVERSION = YES_AGGRESSIVE;
				CLANG_CXX_LANGUAGE_STANDARD = "gnu++14";
				CLANG_CXX_LIBRARY = "libc++";
				CLANG_ENABLE_MODULES = YES;
				CLANG_ENABLE_OBJC_ARC = YES;
				CLANG_ENABLE_OBJC_WEAK = YES;
				CLANG_WARN_BLOCK_CAPTURE_AUTORELEASING = YES;
				CLANG_WARN_BOOL_CONVERSION = YES;
				CLANG_WARN_COMMA = YES;
				CLANG_WARN_CONSTANT_CONVERSION = YES;
				CLANG_WARN_DEPRECATED_OBJC_IMPLEMENTATIONS = YES;
				CLANG_WARN_DIRECT_OBJC_ISA_USAGE = YES_ERROR;
				CLANG_WARN_DOCUMENTATION_COMMENTS = YES;
				CLANG_WARN_EMPTY_BODY = YES;
				CLANG_WARN_ENUM_CONVERSION = YES;
				CLANG_WARN_INFINITE_RECURSION = YES;
				CLANG_WARN_INT_CONVERSION = YES;
				CLANG_WARN_NON_LITERAL_NULL_CONVERSION = YES;
				CLANG_WARN_OBJC_IMPLICIT_RETAIN_SELF = YES;
				CLANG_WARN_OBJC_LITERAL_CONVERSION = YES;
				CLANG_WARN_OBJC_ROOT_CLASS = YES_ERROR;
				CLANG_WARN_QUOTED_INCLUDE_IN_FRAMEWORK_HEADER = YES;
				CLANG_WARN_RANGE_LOOP_ANALYSIS = YES;
				CLANG_WARN_STRICT_PROTOTYPES = YES;
				CLANG_WARN_SUSPICIOUS_MOVE = YES;
				CLANG_WARN_UNGUARDED_AVAILABILITY = YES_AGGRESSIVE;
				CLANG_WARN_UNREACHABLE_CODE = YES;
				CLANG_WARN__DUPLICATE_METHOD_MATCH = YES;
				COPY_PHASE_STRIP = NO;
				DEBUG_INFORMATION_FORMAT = "dwarf-with-dsym";
				ENABLE_NS_ASSERTIONS = NO;
				ENABLE_STRICT_OBJC_MSGSEND = YES;
				GCC_C_LANGUAGE_STANDARD = gnu11;
				GCC_NO_COMMON_BLOCKS = YES;
				GCC_WARN_64_TO_32_BIT_CONVERSION = YES;
				GCC_WARN_ABOUT_RETURN_TYPE = YES_ERROR;
				GCC_WARN_UNDECLARED_SELECTOR = YES;
				GCC_WARN_UNINITIALIZED_AUTOS = YES_AGGRESSIVE;
				GCC_WARN_UNUSED_FUNCTION = YES;
				GCC_WARN_UNUSED_VARIABLE = YES;
				IPHONEOS_DEPLOYMENT_TARGET = 14.2;
				MTL_ENABLE_DEBUG_INFO = NO;
				MTL_FAST_MATH = YES;
				SDKROOT = iphoneos;
				SWIFT_COMPILATION_MODE = wholemodule;
				SWIFT_OPTIMIZATION_LEVEL = "-O";
				VALIDATE_PRODUCT = YES;
			};
			name = Release;
		};
		8D05224926A8131C00BEB72C /* Debug */ = {
			isa = XCBuildConfiguration;
			buildSettings = {
				ASSETCATALOG_COMPILER_APPICON_NAME = AppIcon;
				ASSETCATALOG_COMPILER_GLOBAL_ACCENT_COLOR_NAME = AccentColor;
				CODE_SIGN_STYLE = Automatic;
				DEVELOPMENT_ASSET_PATHS = "\"CySwiftUIForm/Preview Content\"";
				DEVELOPMENT_TEAM = Z6JKUCQQ7W;
				ENABLE_PREVIEWS = YES;
				INFOPLIST_FILE = CySwiftUIForm/Info.plist;
				LD_RUNPATH_SEARCH_PATHS = (
					"$(inherited)",
					"@executable_path/Frameworks",
				);
				PRODUCT_BUNDLE_IDENTIFIER = arclaire.CySwiftUIForm;
				PRODUCT_NAME = "$(TARGET_NAME)";
				SWIFT_VERSION = 5.0;
				TARGETED_DEVICE_FAMILY = "1,2";
			};
			name = Debug;
		};
		8D05224A26A8131C00BEB72C /* Release */ = {
			isa = XCBuildConfiguration;
			buildSettings = {
				ASSETCATALOG_COMPILER_APPICON_NAME = AppIcon;
				ASSETCATALOG_COMPILER_GLOBAL_ACCENT_COLOR_NAME = AccentColor;
				CODE_SIGN_STYLE = Automatic;
				DEVELOPMENT_ASSET_PATHS = "\"CySwiftUIForm/Preview Content\"";
				DEVELOPMENT_TEAM = Z6JKUCQQ7W;
				ENABLE_PREVIEWS = YES;
				INFOPLIST_FILE = CySwiftUIForm/Info.plist;
				LD_RUNPATH_SEARCH_PATHS = (
					"$(inherited)",
					"@executable_path/Frameworks",
				);
				PRODUCT_BUNDLE_IDENTIFIER = arclaire.CySwiftUIForm;
				PRODUCT_NAME = "$(TARGET_NAME)";
				SWIFT_VERSION = 5.0;
				TARGETED_DEVICE_FAMILY = "1,2";
			};
			name = Release;
		};
		8D05224C26A8131C00BEB72C /* Debug */ = {
			isa = XCBuildConfiguration;
			buildSettings = {
				ALWAYS_EMBED_SWIFT_STANDARD_LIBRARIES = YES;
				BUNDLE_LOADER = "$(TEST_HOST)";
				CODE_SIGN_STYLE = Automatic;
				DEVELOPMENT_TEAM = Z6JKUCQQ7W;
				INFOPLIST_FILE = CySwiftUIFormTests/Info.plist;
				IPHONEOS_DEPLOYMENT_TARGET = 14.2;
				LD_RUNPATH_SEARCH_PATHS = (
					"$(inherited)",
					"@executable_path/Frameworks",
					"@loader_path/Frameworks",
				);
				PRODUCT_BUNDLE_IDENTIFIER = arclaire.CySwiftUIFormTests;
				PRODUCT_NAME = "$(TARGET_NAME)";
				SWIFT_VERSION = 5.0;
				TARGETED_DEVICE_FAMILY = "1,2";
				TEST_HOST = "$(BUILT_PRODUCTS_DIR)/CySwiftUIForm.app/CySwiftUIForm";
			};
			name = Debug;
		};
		8D05224D26A8131C00BEB72C /* Release */ = {
			isa = XCBuildConfiguration;
			buildSettings = {
				ALWAYS_EMBED_SWIFT_STANDARD_LIBRARIES = YES;
				BUNDLE_LOADER = "$(TEST_HOST)";
				CODE_SIGN_STYLE = Automatic;
				DEVELOPMENT_TEAM = Z6JKUCQQ7W;
				INFOPLIST_FILE = CySwiftUIFormTests/Info.plist;
				IPHONEOS_DEPLOYMENT_TARGET = 14.2;
				LD_RUNPATH_SEARCH_PATHS = (
					"$(inherited)",
					"@executable_path/Frameworks",
					"@loader_path/Frameworks",
				);
				PRODUCT_BUNDLE_IDENTIFIER = arclaire.CySwiftUIFormTests;
				PRODUCT_NAME = "$(TARGET_NAME)";
				SWIFT_VERSION = 5.0;
				TARGETED_DEVICE_FAMILY = "1,2";
				TEST_HOST = "$(BUILT_PRODUCTS_DIR)/CySwiftUIForm.app/CySwiftUIForm";
			};
			name = Release;
		};
		8D05224F26A8131C00BEB72C /* Debug */ = {
			isa = XCBuildConfiguration;
			buildSettings = {
				ALWAYS_EMBED_SWIFT_STANDARD_LIBRARIES = YES;
				CODE_SIGN_STYLE = Automatic;
				DEVELOPMENT_TEAM = Z6JKUCQQ7W;
				INFOPLIST_FILE = CySwiftUIFormUITests/Info.plist;
				LD_RUNPATH_SEARCH_PATHS = (
					"$(inherited)",
					"@executable_path/Frameworks",
					"@loader_path/Frameworks",
				);
				PRODUCT_BUNDLE_IDENTIFIER = arclaire.CySwiftUIFormUITests;
				PRODUCT_NAME = "$(TARGET_NAME)";
				SWIFT_VERSION = 5.0;
				TARGETED_DEVICE_FAMILY = "1,2";
				TEST_TARGET_NAME = CySwiftUIForm;
			};
			name = Debug;
		};
		8D05225026A8131C00BEB72C /* Release */ = {
			isa = XCBuildConfiguration;
			buildSettings = {
				ALWAYS_EMBED_SWIFT_STANDARD_LIBRARIES = YES;
				CODE_SIGN_STYLE = Automatic;
				DEVELOPMENT_TEAM = Z6JKUCQQ7W;
				INFOPLIST_FILE = CySwiftUIFormUITests/Info.plist;
				LD_RUNPATH_SEARCH_PATHS = (
					"$(inherited)",
					"@executable_path/Frameworks",
					"@loader_path/Frameworks",
				);
				PRODUCT_BUNDLE_IDENTIFIER = arclaire.CySwiftUIFormUITests;
				PRODUCT_NAME = "$(TARGET_NAME)";
				SWIFT_VERSION = 5.0;
				TARGETED_DEVICE_FAMILY = "1,2";
				TEST_TARGET_NAME = CySwiftUIForm;
			};
			name = Release;
		};
/* End XCBuildConfiguration section */

/* Begin XCConfigurationList section */
		8D05221626A8131A00BEB72C /* Build configuration list for PBXProject "CySwiftUIForm" */ = {
			isa = XCConfigurationList;
			buildConfigurations = (
				8D05224626A8131C00BEB72C /* Debug */,
				8D05224726A8131C00BEB72C /* Release */,
			);
			defaultConfigurationIsVisible = 0;
			defaultConfigurationName = Release;
		};
		8D05224826A8131C00BEB72C /* Build configuration list for PBXNativeTarget "CySwiftUIForm" */ = {
			isa = XCConfigurationList;
			buildConfigurations = (
				8D05224926A8131C00BEB72C /* Debug */,
				8D05224A26A8131C00BEB72C /* Release */,
			);
			defaultConfigurationIsVisible = 0;
			defaultConfigurationName = Release;
		};
		8D05224B26A8131C00BEB72C /* Build configuration list for PBXNativeTarget "CySwiftUIFormTests" */ = {
			isa = XCConfigurationList;
			buildConfigurations = (
				8D05224C26A8131C00BEB72C /* Debug */,
				8D05224D26A8131C00BEB72C /* Release */,
			);
			defaultConfigurationIsVisible = 0;
			defaultConfigurationName = Release;
		};
		8D05224E26A8131C00BEB72C /* Build configuration list for PBXNativeTarget "CySwiftUIFormUITests" */ = {
			isa = XCConfigurationList;
			buildConfigurations = (
				8D05224F26A8131C00BEB72C /* Debug */,
				8D05225026A8131C00BEB72C /* Release */,
			);
			defaultConfigurationIsVisible = 0;
			defaultConfigurationName = Release;
		};
/* End XCConfigurationList section */

/* Begin XCVersionGroup section */
		8D05222426A8131A00BEB72C /* CySwiftUIForm.xcdatamodeld */ = {
			isa = XCVersionGroup;
			children = (
				8D05222526A8131A00BEB72C /* CySwiftUIForm.xcdatamodel */,
			);
			currentVersion = 8D05222526A8131A00BEB72C /* CySwiftUIForm.xcdatamodel */;
			path = CySwiftUIForm.xcdatamodeld;
			sourceTree = "<group>";
			versionGroupType = wrapper.xcdatamodel;
		};
/* End XCVersionGroup section */
	};
	rootObject = 8D05221326A8131A00BEB72C /* Project object */;
}
